
Microsoft Visual Studio Solution File, Format Version 12.00
# Visual Studio Version 16
VisualStudioVersion = 16.0.31112.23
MinimumVisualStudioVersion = 10.0.40219.1
Project("{9A19103F-16F7-4668-BE54-9A1E7A4F7556}") = "RoslynDemoAnalyzers", "RoslynDemoAnalyzers\RoslynDemoAnalyzers.csproj", "{70BDE2F5-792B-4CAA-B7F2-50AE8F2DC9F0}"
EndProject
Project("{9A19103F-16F7-4668-BE54-9A1E7A4F7556}") = "RoslynDemoAnalyzers.CodeFixes", "RoslynDemoAnalyzers.CodeFixes\RoslynDemoAnalyzers.CodeFixes.csproj", "{D8759E1B-56A0-4D48-AEB7-1EFA1FB2BB89}"
EndProject
Project("{9A19103F-16F7-4668-BE54-9A1E7A4F7556}") = "RoslynDemoAnalyzers.Package", "RoslynDemoAnalyzers.Package\RoslynDemoAnalyzers.Package.csproj", "{50D48ADD-614D-4F4E-9903-0B4225B528DA}"
EndProject
Project("{9A19103F-16F7-4668-BE54-9A1E7A4F7556}") = "RoslynDemoAnalyzers.Test", "RoslynDemoAnalyzers.Test\RoslynDemoAnalyzers.Test.csproj", "{D3BAF29F-5F1E-4FDE-ABE8-1A055EF73751}"
EndProject
Project("{9A19103F-16F7-4668-BE54-9A1E7A4F7556}") = "RoslynDemoAnalyzers.Vsix", "RoslynDemoAnalyzers.Vsix\RoslynDemoAnalyzers.Vsix.csproj", "{6AB39438-F275-4BDD-9571-3D4CE240BB66}"
EndProject
Project("{9A19103F-16F7-4668-BE54-9A1E7A4F7556}") = "RoslynDemo.StandAlone", "..\RoslynDemo.StandAlone\RoslynDemo.StandAlone.csproj", "{0AE4EB35-791D-42FA-8F6F-DCC1C0F7506F}"
EndProject
Project("{9A19103F-16F7-4668-BE54-9A1E7A4F7556}") = "RoslynDemo.Common", "RoslynDemo.Common\RoslynDemo.Common.csproj", "{259E9F2B-0C36-418A-B94C-DA61220826E7}"
EndProject
Project("{9A19103F-16F7-4668-BE54-9A1E7A4F7556}") = "TargetProject", "TargetProject\TargetProject.csproj", "{11B30F9D-5837-4460-8F3A-1C48EA05C9A6}"
EndProject
Project("{2150E333-8FDC-42A3-9474-1A3956D46DE8}") = "Solution Items", "Solution Items", "{7DE2053B-9B5B-4A1D-A607-60CFCFF24F67}"
	ProjectSection(SolutionItems) = preProject
		updatePackage.ps1 = updatePackage.ps1
	EndProjectSection
EndProject
Global
	GlobalSection(SolutionConfigurationPlatforms) = preSolution
		Debug|Any CPU = Debug|Any CPU
		Release|Any CPU = Release|Any CPU
	EndGlobalSection
	GlobalSection(ProjectConfigurationPlatforms) = postSolution
		{70BDE2F5-792B-4CAA-B7F2-50AE8F2DC9F0}.Debug|Any CPU.ActiveCfg = Debug|Any CPU
		{70BDE2F5-792B-4CAA-B7F2-50AE8F2DC9F0}.Debug|Any CPU.Build.0 = Debug|Any CPU
		{70BDE2F5-792B-4CAA-B7F2-50AE8F2DC9F0}.Release|Any CPU.ActiveCfg = Release|Any CPU
		{70BDE2F5-792B-4CAA-B7F2-50AE8F2DC9F0}.Release|Any CPU.Build.0 = Release|Any CPU
		{D8759E1B-56A0-4D48-AEB7-1EFA1FB2BB89}.Debug|Any CPU.ActiveCfg = Debug|Any CPU
		{D8759E1B-56A0-4D48-AEB7-1EFA1FB2BB89}.Debug|Any CPU.Build.0 = Debug|Any CPU
		{D8759E1B-56A0-4D48-AEB7-1EFA1FB2BB89}.Release|Any CPU.ActiveCfg = Release|Any CPU
		{D8759E1B-56A0-4D48-AEB7-1EFA1FB2BB89}.Release|Any CPU.Build.0 = Release|Any CPU
		{50D48ADD-614D-4F4E-9903-0B4225B528DA}.Debug|Any CPU.ActiveCfg = Debug|Any CPU
		{50D48ADD-614D-4F4E-9903-0B4225B528DA}.Debug|Any CPU.Build.0 = Debug|Any CPU
		{50D48ADD-614D-4F4E-9903-0B4225B528DA}.Release|Any CPU.ActiveCfg = Release|Any CPU
		{50D48ADD-614D-4F4E-9903-0B4225B528DA}.Release|Any CPU.Build.0 = Release|Any CPU
		{D3BAF29F-5F1E-4FDE-ABE8-1A055EF73751}.Debug|Any CPU.ActiveCfg = Debug|Any CPU
		{D3BAF29F-5F1E-4FDE-ABE8-1A055EF73751}.Debug|Any CPU.Build.0 = Debug|Any CPU
		{D3BAF29F-5F1E-4FDE-ABE8-1A055EF73751}.Release|Any CPU.ActiveCfg = Release|Any CPU
		{D3BAF29F-5F1E-4FDE-ABE8-1A055EF73751}.Release|Any CPU.Build.0 = Release|Any CPU
		{6AB39438-F275-4BDD-9571-3D4CE240BB66}.Debug|Any CPU.ActiveCfg = Debug|Any CPU
		{6AB39438-F275-4BDD-9571-3D4CE240BB66}.Debug|Any CPU.Build.0 = Debug|Any CPU
		{6AB39438-F275-4BDD-9571-3D4CE240BB66}.Release|Any CPU.ActiveCfg = Release|Any CPU
		{6AB39438-F275-4BDD-9571-3D4CE240BB66}.Release|Any CPU.Build.0 = Release|Any CPU
		{0AE4EB35-791D-42FA-8F6F-DCC1C0F7506F}.Debug|Any CPU.ActiveCfg = Debug|Any CPU
		{0AE4EB35-791D-42FA-8F6F-DCC1C0F7506F}.Debug|Any CPU.Build.0 = Debug|Any CPU
		{0AE4EB35-791D-42FA-8F6F-DCC1C0F7506F}.Release|Any CPU.ActiveCfg = Release|Any CPU
		{0AE4EB35-791D-42FA-8F6F-DCC1C0F7506F}.Release|Any CPU.Build.0 = Release|Any CPU
		{259E9F2B-0C36-418A-B94C-DA61220826E7}.Debug|Any CPU.ActiveCfg = Debug|Any CPU
		{259E9F2B-0C36-418A-B94C-DA61220826E7}.Debug|Any CPU.Build.0 = Debug|Any CPU
		{259E9F2B-0C36-418A-B94C-DA61220826E7}.Release|Any CPU.ActiveCfg = Release|Any CPU
		{259E9F2B-0C36-418A-B94C-DA61220826E7}.Release|Any CPU.Build.0 = Release|Any CPU
		{11B30F9D-5837-4460-8F3A-1C48EA05C9A6}.Debug|Any CPU.ActiveCfg = Debug|Any CPU
		{11B30F9D-5837-4460-8F3A-1C48EA05C9A6}.Debug|Any CPU.Build.0 = Debug|Any CPU
		{11B30F9D-5837-4460-8F3A-1C48EA05C9A6}.Release|Any CPU.ActiveCfg = Release|Any CPU
		{11B30F9D-5837-4460-8F3A-1C48EA05C9A6}.Release|Any CPU.Build.0 = Release|Any CPU
	EndGlobalSection
	GlobalSection(SolutionProperties) = preSolution
		HideSolutionNode = FALSE
	EndGlobalSection
	GlobalSection(ExtensibilityGlobals) = postSolution
		SolutionGuid = {7AA96119-86FC-4A31-8DD7-D586F864E8D1}
	EndGlobalSection
EndGlobal
